# @generated - this file is auto-generated by `mise lock` https://mise.jdx.dev/dev-tools/mise-lock.html

[[tools.actionlint]]
version = "1.7.12"
backend = "aqua:rhysd/actionlint"

[tools.actionlint."platforms.linux-arm64"]
checksum = "sha256:325e971b6ba9bfa504672e29be93c24981eeb1c07576d730e9f7c8805afff0c6"
url = "https://github.com/rhysd/actionlint/releases/download/v1.7.12/actionlint_1.7.12_linux_arm64.tar.gz"
provenance = "github-attestations"

[tools.actionlint."platforms.linux-arm64-musl"]
checksum = "sha256:325e971b6ba9bfa504672e29be93c24981eeb1c07576d730e9f7c8805afff0c6"
url = "https://github.com/rhysd/actionlint/releases/download/v1.7.12/actionlint_1.7.12_linux_arm64.tar.gz"
provenance = "github-attestations"

[tools.actionlint."platforms.linux-x64"]
checksum = "sha256:8aca8db96f1b94770f1b0d72b6dddcb1ebb8123cb3712530b08cc387b349a3d8"
url = "https://github.com/rhysd/actionlint/releases/download/v1.7.12/actionlint_1.7.12_linux_amd64.tar.gz"
provenance = "github-attestations"

[tools.actionlint."platforms.linux-x64-baseline"]
checksum = "sha256:8aca8db96f1b94770f1b0d72b6dddcb1ebb8123cb3712530b08cc387b349a3d8"
url = "https://github.com/rhysd/actionlint/releases/download/v1.7.12/actionlint_1.7.12_linux_amd64.tar.gz"
provenance = "github-attestations"

[tools.actionlint."platforms.linux-x64-musl"]
checksum = "sha256:8aca8db96f1b94770f1b0d72b6dddcb1ebb8123cb3712530b08cc387b349a3d8"
url = "https://github.com/rhysd/actionlint/releases/download/v1.7.12/actionlint_1.7.12_linux_amd64.tar.gz"
provenance = "github-attestations"

[tools.actionlint."platforms.linux-x64-musl-baseline"]
checksum = "sha256:8aca8db96f1b94770f1b0d72b6dddcb1ebb8123cb3712530b08cc387b349a3d8"
url = "https://github.com/rhysd/actionlint/releases/download/v1.7.12/actionlint_1.7.12_linux_amd64.tar.gz"
provenance = "github-attestations"

[tools.actionlint."platforms.macos-arm64"]
checksum = "sha256:aba9ced2dee8d27fecca3dc7feb1a7f9a52caefa1eb46f3271ea66b6e0e6953f"
url = "https://github.com/rhysd/actionlint/releases/download/v1.7.12/actionlint_1.7.12_darwin_arm64.tar.gz"
provenance = "github-attestations"

[tools.actionlint."platforms.macos-x64"]
checksum = "sha256:5b44c3bc2255115c9b69e30efc0fecdf498fdb63c5d58e17084fd5f16324c644"
url = "https://github.com/rhysd/actionlint/releases/download/v1.7.12/actionlint_1.7.12_darwin_amd64.tar.gz"
provenance = "github-attestations"

[tools.actionlint."platforms.macos-x64-baseline"]
checksum = "sha256:5b44c3bc2255115c9b69e30efc0fecdf498fdb63c5d58e17084fd5f16324c644"
url = "https://github.com/rhysd/actionlint/releases/download/v1.7.12/actionlint_1.7.12_darwin_amd64.tar.gz"
provenance = "github-attestations"

[tools.actionlint."platforms.windows-x64"]
checksum = "sha256:6e7241b51e6817ea6a047693d8e6fed13b31819c9a0dd6c5a726e1592d22f6e9"
url = "https://github.com/rhysd/actionlint/releases/download/v1.7.12/actionlint_1.7.12_windows_amd64.zip"
provenance = "github-attestations"

[tools.actionlint."platforms.windows-x64-baseline"]
checksum = "sha256:6e7241b51e6817ea6a047693d8e6fed13b31819c9a0dd6c5a726e1592d22f6e9"
url = "https://github.com/rhysd/actionlint/releases/download/v1.7.12/actionlint_1.7.12_windows_amd64.zip"
provenance = "github-attestations"

[[tools."aqua:rhysd/actionlint"]]
version = "1.7.12"
backend = "aqua:rhysd/actionlint"

[tools."aqua:rhysd/actionlint"."platforms.linux-arm64"]
checksum = "sha256:325e971b6ba9bfa504672e29be93c24981eeb1c07576d730e9f7c8805afff0c6"
url = "https://github.com/rhysd/actionlint/releases/download/v1.7.12/actionlint_1.7.12_linux_arm64.tar.gz"

[tools."aqua:rhysd/actionlint"."platforms.linux-arm64-musl"]
checksum = "sha256:325e971b6ba9bfa504672e29be93c24981eeb1c07576d730e9f7c8805afff0c6"
url = "https://github.com/rhysd/actionlint/releases/download/v1.7.12/actionlint_1.7.12_linux_arm64.tar.gz"

[tools."aqua:rhysd/actionlint"."platforms.linux-x64"]
checksum = "sha256:8aca8db96f1b94770f1b0d72b6dddcb1ebb8123cb3712530b08cc387b349a3d8"
url = "https://github.com/rhysd/actionlint/releases/download/v1.7.12/actionlint_1.7.12_linux_amd64.tar.gz"

[tools."aqua:rhysd/actionlint"."platforms.linux-x64-baseline"]
checksum = "sha256:8aca8db96f1b94770f1b0d72b6dddcb1ebb8123cb3712530b08cc387b349a3d8"
url = "https://github.com/rhysd/actionlint/releases/download/v1.7.12/actionlint_1.7.12_linux_amd64.tar.gz"

[tools."aqua:rhysd/actionlint"."platforms.linux-x64-musl"]
checksum = "sha256:8aca8db96f1b94770f1b0d72b6dddcb1ebb8123cb3712530b08cc387b349a3d8"
url = "https://github.com/rhysd/actionlint/releases/download/v1.7.12/actionlint_1.7.12_linux_amd64.tar.gz"

[tools."aqua:rhysd/actionlint"."platforms.linux-x64-musl-baseline"]
checksum = "sha256:8aca8db96f1b94770f1b0d72b6dddcb1ebb8123cb3712530b08cc387b349a3d8"
url = "https://github.com/rhysd/actionlint/releases/download/v1.7.12/actionlint_1.7.12_linux_amd64.tar.gz"

[tools."aqua:rhysd/actionlint"."platforms.macos-arm64"]
checksum = "sha256:aba9ced2dee8d27fecca3dc7feb1a7f9a52caefa1eb46f3271ea66b6e0e6953f"
url = "https://github.com/rhysd/actionlint/releases/download/v1.7.12/actionlint_1.7.12_darwin_arm64.tar.gz"

[tools."aqua:rhysd/actionlint"."platforms.macos-x64"]
checksum = "sha256:5b44c3bc2255115c9b69e30efc0fecdf498fdb63c5d58e17084fd5f16324c644"
url = "https://github.com/rhysd/actionlint/releases/download/v1.7.12/actionlint_1.7.12_darwin_amd64.tar.gz"

[tools."aqua:rhysd/actionlint"."platforms.macos-x64-baseline"]
checksum = "sha256:5b44c3bc2255115c9b69e30efc0fecdf498fdb63c5d58e17084fd5f16324c644"
url = "https://github.com/rhysd/actionlint/releases/download/v1.7.12/actionlint_1.7.12_darwin_amd64.tar.gz"

[tools."aqua:rhysd/actionlint"."platforms.windows-x64"]
checksum = "sha256:6e7241b51e6817ea6a047693d8e6fed13b31819c9a0dd6c5a726e1592d22f6e9"
url = "https://github.com/rhysd/actionlint/releases/download/v1.7.12/actionlint_1.7.12_windows_amd64.zip"

[tools."aqua:rhysd/actionlint"."platforms.windows-x64-baseline"]
checksum = "sha256:6e7241b51e6817ea6a047693d8e6fed13b31819c9a0dd6c5a726e1592d22f6e9"
url = "https://github.com/rhysd/actionlint/releases/download/v1.7.12/actionlint_1.7.12_windows_amd64.zip"

[[tools."aqua:zizmorcore/zizmor"]]
version = "1.23.1"
backend = "aqua:zizmorcore/zizmor"

[tools."aqua:zizmorcore/zizmor"."platforms.linux-arm64"]
checksum = "sha256:3725d7cd7102e4d70827186389f7d5930b6878232930d0a3eb058d7e5b47e658"
url = "https://github.com/zizmorcore/zizmor/releases/download/v1.23.1/zizmor-aarch64-unknown-linux-gnu.tar.gz"

[tools."aqua:zizmorcore/zizmor"."platforms.linux-arm64-musl"]
checksum = "sha256:3725d7cd7102e4d70827186389f7d5930b6878232930d0a3eb058d7e5b47e658"
url = "https://github.com/zizmorcore/zizmor/releases/download/v1.23.1/zizmor-aarch64-unknown-linux-gnu.tar.gz"

[tools."aqua:zizmorcore/zizmor"."platforms.linux-x64"]
checksum = "sha256:67a8df0a14352dd81882e14876653d097b99b0f4f6b6fe798edc0320cff27aff"
url = "https://github.com/zizmorcore/zizmor/releases/download/v1.23.1/zizmor-x86_64-unknown-linux-gnu.tar.gz"

[tools."aqua:zizmorcore/zizmor"."platforms.linux-x64-baseline"]
checksum = "sha256:67a8df0a14352dd81882e14876653d097b99b0f4f6b6fe798edc0320cff27aff"
url = "https://github.com/zizmorcore/zizmor/releases/download/v1.23.1/zizmor-x86_64-unknown-linux-gnu.tar.gz"

[tools."aqua:zizmorcore/zizmor"."platforms.linux-x64-musl"]
checksum = "sha256:67a8df0a14352dd81882e14876653d097b99b0f4f6b6fe798edc0320cff27aff"
url = "https://github.com/zizmorcore/zizmor/releases/download/v1.23.1/zizmor-x86_64-unknown-linux-gnu.tar.gz"

[tools."aqua:zizmorcore/zizmor"."platforms.linux-x64-musl-baseline"]
checksum = "sha256:67a8df0a14352dd81882e14876653d097b99b0f4f6b6fe798edc0320cff27aff"
url = "https://github.com/zizmorcore/zizmor/releases/download/v1.23.1/zizmor-x86_64-unknown-linux-gnu.tar.gz"

[tools."aqua:zizmorcore/zizmor"."platforms.macos-arm64"]
checksum = "sha256:2632561b974c69f952258c1ab4b7432d5c7f92e555704155c3ac28a2910bd717"
url = "https://github.com/zizmorcore/zizmor/releases/download/v1.23.1/zizmor-aarch64-apple-darwin.tar.gz"

[tools."aqua:zizmorcore/zizmor"."platforms.macos-x64"]
checksum = "sha256:89d5ed42081dd9d0433a10b7545fac42b35f1f030885c278b9712b32c66f2597"
url = "https://github.com/zizmorcore/zizmor/releases/download/v1.23.1/zizmor-x86_64-apple-darwin.tar.gz"

[tools."aqua:zizmorcore/zizmor"."platforms.macos-x64-baseline"]
checksum = "sha256:89d5ed42081dd9d0433a10b7545fac42b35f1f030885c278b9712b32c66f2597"
url = "https://github.com/zizmorcore/zizmor/releases/download/v1.23.1/zizmor-x86_64-apple-darwin.tar.gz"

[tools."aqua:zizmorcore/zizmor"."platforms.windows-x64"]
checksum = "sha256:33c2293ff02834720dd7cd8b47348aafb2e95a19bdc993c0ecaca9c804ade92a"
url = "https://github.com/zizmorcore/zizmor/releases/download/v1.23.1/zizmor-x86_64-pc-windows-msvc.zip"

[tools."aqua:zizmorcore/zizmor"."platforms.windows-x64-baseline"]
checksum = "sha256:33c2293ff02834720dd7cd8b47348aafb2e95a19bdc993c0ecaca9c804ade92a"
url = "https://github.com/zizmorcore/zizmor/releases/download/v1.23.1/zizmor-x86_64-pc-windows-msvc.zip"

[[tools.bun]]
version = "1.3.13"
backend = "core:bun"

[tools.bun."platforms.linux-arm64"]
checksum = "sha256:70bae41b3908b0a120e1e58c5c8af30e74afae3b8d11b0d3fdd8e787ddfb4b22"
url = "https://github.com/oven-sh/bun/releases/download/bun-v1.3.13/bun-linux-aarch64.zip"

[tools.bun."platforms.linux-arm64-musl"]
checksum = "sha256:5385e978107ce4934298d8d6afe9bfbb898683f6cc23e6753a0da60bc60c5b81"
url = "https://github.com/oven-sh/bun/releases/download/bun-v1.3.13/bun-linux-aarch64-musl.zip"

[tools.bun."platforms.linux-x64"]
checksum = "sha256:79c0771fa8b92c33aae41e15a0e0d307ea99d0e2f00317c71c6c53237a78e25a"
url = "https://github.com/oven-sh/bun/releases/download/bun-v1.3.13/bun-linux-x64.zip"

[tools.bun."platforms.linux-x64-baseline"]
checksum = "sha256:9d8a24292a7068090205daac0a5a223f5f69736f5287e37bf88d3b4031edc750"
url = "https://github.com/oven-sh/bun/releases/download/bun-v1.3.13/bun-linux-x64-baseline.zip"

[tools.bun."platforms.linux-x64-musl"]
checksum = "sha256:5b91a48f0b00df9fd2da8bff1a795d2659d842da966432969203f25da19d1c74"
url = "https://github.com/oven-sh/bun/releases/download/bun-v1.3.13/bun-linux-x64-musl.zip"

[tools.bun."platforms.linux-x64-musl-baseline"]
checksum = "sha256:88ca7c7ad235b498f549eea2f770f434e9f0f5e9ba95168a2d3a1f235184c394"
url = "https://github.com/oven-sh/bun/releases/download/bun-v1.3.13/bun-linux-x64-musl-baseline.zip"

[tools.bun."platforms.macos-arm64"]
checksum = "sha256:5467e3f65dba526b9fea98f0cce04efafc0c63e169733ec27b876a3ad32da190"
url = "https://github.com/oven-sh/bun/releases/download/bun-v1.3.13/bun-darwin-aarch64.zip"

[tools.bun."platforms.macos-x64"]
checksum = "sha256:e5a6c8b64f419925232d111ecb13e25f0abf55e54f792341f987623fd0778009"
url = "https://github.com/oven-sh/bun/releases/download/bun-v1.3.13/bun-darwin-x64.zip"

[tools.bun."platforms.macos-x64-baseline"]
checksum = "sha256:a98ba6a480f22fda9b343626b906a4e26aa53618bf85d2bc5928ecf2ba45f0ed"
url = "https://github.com/oven-sh/bun/releases/download/bun-v1.3.13/bun-darwin-x64-baseline.zip"

[tools.bun."platforms.windows-x64"]
checksum = "sha256:85b14f3e0584218e9b63407b3aa6b90c4835ec5c32435c1f12cb6fc13667c7c9"
url = "https://github.com/oven-sh/bun/releases/download/bun-v1.3.13/bun-windows-x64.zip"

[tools.bun."platforms.windows-x64-baseline"]
checksum = "sha256:c68c7903c1190101590cc1b2129835f47211b3b37ae87759f2b97d6534aa3ad1"
url = "https://github.com/oven-sh/bun/releases/download/bun-v1.3.13/bun-windows-x64-baseline.zip"

[[tools.direnv]]
version = "2.37.1"
backend = "aqua:direnv/direnv"

[tools.direnv."platforms.linux-arm64"]
checksum = "sha256:2a9cef8d73521d6a3ec3f2871c4b747b8c4cc038628c1b57a7efa42b393a2d82"
url = "https://github.com/direnv/direnv/releases/download/v2.37.1/direnv.linux-arm64"

[tools.direnv."platforms.linux-arm64-musl"]
checksum = "sha256:2a9cef8d73521d6a3ec3f2871c4b747b8c4cc038628c1b57a7efa42b393a2d82"
url = "https://github.com/direnv/direnv/releases/download/v2.37.1/direnv.linux-arm64"

[tools.direnv."platforms.linux-x64"]
checksum = "sha256:1f1b93dd6f38523fde26dfac96151ef9d31a374e3005cd3345fb93555ae0c9b5"
url = "https://github.com/direnv/direnv/releases/download/v2.37.1/direnv.linux-amd64"

[tools.direnv."platforms.linux-x64-baseline"]
checksum = "sha256:1f1b93dd6f38523fde26dfac96151ef9d31a374e3005cd3345fb93555ae0c9b5"
url = "https://github.com/direnv/direnv/releases/download/v2.37.1/direnv.linux-amd64"

[tools.direnv."platforms.linux-x64-musl"]
checksum = "sha256:1f1b93dd6f38523fde26dfac96151ef9d31a374e3005cd3345fb93555ae0c9b5"
url = "https://github.com/direnv/direnv/releases/download/v2.37.1/direnv.linux-amd64"

[tools.direnv."platforms.linux-x64-musl-baseline"]
checksum = "sha256:1f1b93dd6f38523fde26dfac96151ef9d31a374e3005cd3345fb93555ae0c9b5"
url = "https://github.com/direnv/direnv/releases/download/v2.37.1/direnv.linux-amd64"

[tools.direnv."platforms.macos-arm64"]
checksum = "sha256:4f569f3a36732bfd8b8fea7bfcc6ad87a59745c109022164d0ca4832451d5369"
url = "https://github.com/direnv/direnv/releases/download/v2.37.1/direnv.darwin-arm64"

[tools.direnv."platforms.macos-x64"]
checksum = "sha256:24fb9ce48b563d7e9fbdd3a4e3e836941654a31ce3e67eba9eaafc3dcd8ae73b"
url = "https://github.com/direnv/direnv/releases/download/v2.37.1/direnv.darwin-amd64"

[tools.direnv."platforms.macos-x64-baseline"]
checksum = "sha256:24fb9ce48b563d7e9fbdd3a4e3e836941654a31ce3e67eba9eaafc3dcd8ae73b"
url = "https://github.com/direnv/direnv/releases/download/v2.37.1/direnv.darwin-amd64"

[tools.direnv."platforms.windows-x64"]
checksum = "sha256:d96fc8b7cf020c2d4c1dbbc2ccec5fd1cab05b51c491f02c8527a7fa6c50a1cd"
url = "https://github.com/direnv/direnv/releases/download/v2.37.1/direnv.windows-amd64"

[tools.direnv."platforms.windows-x64-baseline"]
checksum = "sha256:d96fc8b7cf020c2d4c1dbbc2ccec5fd1cab05b51c491f02c8527a7fa6c50a1cd"
url = "https://github.com/direnv/direnv/releases/download/v2.37.1/direnv.windows-amd64"

[[tools.ghalint]]
version = "1.5.6"
backend = "aqua:suzuki-shunsuke/ghalint"

[tools.ghalint."platforms.linux-arm64"]
checksum = "sha256:203a22c70b40bb161626973ad2a8dd06aeb736699fc8e03dd425dee8ff3406e6"
url = "https://github.com/suzuki-shunsuke/ghalint/releases/download/v1.5.6/ghalint_1.5.6_linux_arm64.tar.gz"
provenance = "slsa"

[tools.ghalint."platforms.linux-arm64-musl"]
checksum = "sha256:203a22c70b40bb161626973ad2a8dd06aeb736699fc8e03dd425dee8ff3406e6"
url = "https://github.com/suzuki-shunsuke/ghalint/releases/download/v1.5.6/ghalint_1.5.6_linux_arm64.tar.gz"
provenance = "slsa"

[tools.ghalint."platforms.linux-x64"]
checksum = "sha256:98ee0e3330de7286f470d1e89c03ff7ce70d7a5998ba0f15969c400447be579c"
url = "https://github.com/suzuki-shunsuke/ghalint/releases/download/v1.5.6/ghalint_1.5.6_linux_amd64.tar.gz"

[tools.ghalint."platforms.linux-x64".provenance.slsa]
url = "https://github.com/suzuki-shunsuke/ghalint/releases/download/v1.5.6/multiple.intoto.jsonl"

[tools.ghalint."platforms.linux-x64-baseline"]
checksum = "sha256:98ee0e3330de7286f470d1e89c03ff7ce70d7a5998ba0f15969c400447be579c"
url = "https://github.com/suzuki-shunsuke/ghalint/releases/download/v1.5.6/ghalint_1.5.6_linux_amd64.tar.gz"
provenance = "slsa"

[tools.ghalint."platforms.linux-x64-musl"]
checksum = "sha256:98ee0e3330de7286f470d1e89c03ff7ce70d7a5998ba0f15969c400447be579c"
url = "https://github.com/suzuki-shunsuke/ghalint/releases/download/v1.5.6/ghalint_1.5.6_linux_amd64.tar.gz"
provenance = "slsa"

[tools.ghalint."platforms.linux-x64-musl-baseline"]
checksum = "sha256:98ee0e3330de7286f470d1e89c03ff7ce70d7a5998ba0f15969c400447be579c"
url = "https://github.com/suzuki-shunsuke/ghalint/releases/download/v1.5.6/ghalint_1.5.6_linux_amd64.tar.gz"
provenance = "slsa"

[tools.ghalint."platforms.macos-arm64"]
checksum = "sha256:1262cac411e27b4653e6b66b7b06580ebcc2026fdd903e12e6cb0e4591639de6"
url = "https://github.com/suzuki-shunsuke/ghalint/releases/download/v1.5.6/ghalint_1.5.6_darwin_arm64.tar.gz"
provenance = "slsa"

[tools.ghalint."platforms.macos-x64"]
checksum = "sha256:d2a0e8605333068065dcf4c9b7b7a24891eda1750ac01fb755dfba426a390883"
url = "https://github.com/suzuki-shunsuke/ghalint/releases/download/v1.5.6/ghalint_1.5.6_darwin_amd64.tar.gz"
provenance = "slsa"

[tools.ghalint."platforms.macos-x64-baseline"]
checksum = "sha256:d2a0e8605333068065dcf4c9b7b7a24891eda1750ac01fb755dfba426a390883"
url = "https://github.com/suzuki-shunsuke/ghalint/releases/download/v1.5.6/ghalint_1.5.6_darwin_amd64.tar.gz"
provenance = "slsa"

[tools.ghalint."platforms.windows-x64"]
checksum = "sha256:109ea9b39c8e263cef924bd3b4fe5505964204f934ca60d986f4090d01a99ba5"
url = "https://github.com/suzuki-shunsuke/ghalint/releases/download/v1.5.6/ghalint_1.5.6_windows_amd64.zip"
provenance = "slsa"

[tools.ghalint."platforms.windows-x64-baseline"]
checksum = "sha256:109ea9b39c8e263cef924bd3b4fe5505964204f934ca60d986f4090d01a99ba5"
url = "https://github.com/suzuki-shunsuke/ghalint/releases/download/v1.5.6/ghalint_1.5.6_windows_amd64.zip"
provenance = "slsa"

[[tools.oxfmt]]
version = "0.47.0"
backend = "npm:oxfmt"

[[tools.oxlint]]
version = "1.59.0"
backend = "npm:oxlint"

[[tools.zizmor]]
version = "1.24.1"
backend = "aqua:zizmorcore/zizmor"

[tools.zizmor."platforms.linux-arm64"]
checksum = "sha256:d66e37ef8a375fb07939c630ebf9709a6e0f20242bdc3faf672a7ed97e0b768d"
url = "https://github.com/zizmorcore/zizmor/releases/download/v1.24.1/zizmor-aarch64-unknown-linux-gnu.tar.gz"
provenance = "github-attestations"

[tools.zizmor."platforms.linux-arm64-musl"]
checksum = "sha256:d66e37ef8a375fb07939c630ebf9709a6e0f20242bdc3faf672a7ed97e0b768d"
url = "https://github.com/zizmorcore/zizmor/releases/download/v1.24.1/zizmor-aarch64-unknown-linux-gnu.tar.gz"
provenance = "github-attestations"

[tools.zizmor."platforms.linux-x64"]
checksum = "sha256:a8000f3c683319a523d3b20df0e75457ba591f049cfcbfa98966631b56733c03"
url = "https://github.com/zizmorcore/zizmor/releases/download/v1.24.1/zizmor-x86_64-unknown-linux-gnu.tar.gz"
provenance = "github-attestations"

[tools.zizmor."platforms.linux-x64-baseline"]
checksum = "sha256:a8000f3c683319a523d3b20df0e75457ba591f049cfcbfa98966631b56733c03"
url = "https://github.com/zizmorcore/zizmor/releases/download/v1.24.1/zizmor-x86_64-unknown-linux-gnu.tar.gz"
provenance = "github-attestations"

[tools.zizmor."platforms.linux-x64-musl"]
checksum = "sha256:a8000f3c683319a523d3b20df0e75457ba591f049cfcbfa98966631b56733c03"
url = "https://github.com/zizmorcore/zizmor/releases/download/v1.24.1/zizmor-x86_64-unknown-linux-gnu.tar.gz"
provenance = "github-attestations"

[tools.zizmor."platforms.linux-x64-musl-baseline"]
checksum = "sha256:a8000f3c683319a523d3b20df0e75457ba591f049cfcbfa98966631b56733c03"
url = "https://github.com/zizmorcore/zizmor/releases/download/v1.24.1/zizmor-x86_64-unknown-linux-gnu.tar.gz"
provenance = "github-attestations"

[tools.zizmor."platforms.macos-arm64"]
checksum = "sha256:fc4ea59e18bc028dddb5f710b16dbc361b01ff1e7a20c03b8e5778366ca9f4e1"
url = "https://github.com/zizmorcore/zizmor/releases/download/v1.24.1/zizmor-aarch64-apple-darwin.tar.gz"
provenance = "github-attestations"

[tools.zizmor."platforms.macos-x64"]
checksum = "sha256:721ba70d7fca753aeef1a4ee959a9bc20c55784d4faa6c56e66129a2611fd52f"
url = "https://github.com/zizmorcore/zizmor/releases/download/v1.24.1/zizmor-x86_64-apple-darwin.tar.gz"
provenance = "github-attestations"

[tools.zizmor."platforms.macos-x64-baseline"]
checksum = "sha256:721ba70d7fca753aeef1a4ee959a9bc20c55784d4faa6c56e66129a2611fd52f"
url = "https://github.com/zizmorcore/zizmor/releases/download/v1.24.1/zizmor-x86_64-apple-darwin.tar.gz"
provenance = "github-attestations"

[tools.zizmor."platforms.windows-x64"]
checksum = "sha256:b777ec2cb1098139ba74b32e30d11ed149c69ab692d23788c466d4a31704bd4b"
url = "https://github.com/zizmorcore/zizmor/releases/download/v1.24.1/zizmor-x86_64-pc-windows-msvc.zip"
provenance = "github-attestations"

[tools.zizmor."platforms.windows-x64-baseline"]
checksum = "sha256:b777ec2cb1098139ba74b32e30d11ed149c69ab692d23788c466d4a31704bd4b"
url = "https://github.com/zizmorcore/zizmor/releases/download/v1.24.1/zizmor-x86_64-pc-windows-msvc.zip"
provenance = "github-attestations"
